
Microsoft Visual Studio Solution File, Format Version 12.00
# Visual Studio Version 17
VisualStudioVersion = 17.8.34322.80
MinimumVisualStudioVersion = 10.0.40219.1
Project("{FAE04EC0-301F-11D3-BF4B-00C04F79EFBC}") = "waterprj", "waterprj.csproj", "{22CC89B1-B332-4C2F-839D-C7BD0FDE37FF}"
EndProject
Global
	GlobalSection(SolutionConfigurationPlatforms) = preSolution
		Debug|Any CPU = Debug|Any CPU
		Release|Any CPU = Release|Any CPU
	EndGlobalSection
	GlobalSection(ProjectConfigurationPlatforms) = postSolution
		{22CC89B1-B332-4C2F-839D-C7BD0FDE37FF}.Debug|Any CPU.ActiveCfg = Debug|Any CPU
		{22CC89B1-B332-4C2F-839D-C7BD0FDE37FF}.Debug|Any CPU.Build.0 = Debug|Any CPU
		{22CC89B1-B332-4C2F-839D-C7BD0FDE37FF}.Release|Any CPU.ActiveCfg = Release|Any CPU
		{22CC89B1-B332-4C2F-839D-C7BD0FDE37FF}.Release|Any CPU.Build.0 = Release|Any CPU
	EndGlobalSection
	GlobalSection(SolutionProperties) = preSolution
		HideSolutionNode = FALSE
	EndGlobalSection
	GlobalSection(ExtensibilityGlobals) = postSolution
		SolutionGuid = {AEBAB31C-C23A-4CDA-80ED-C1D10FF37E67}
	EndGlobalSection
EndGlobal
